Microsoft Visual Studio Solution File, Format Version 11.00
# Visual Studio 2008

Project("{8CE3B7CB-8A78-21DB-2CC3-7EDD7B65227F}") = "SmashHit", "Assembly-CSharp-firstpass-vs.csproj", "{71C97394-E43E-0B26-3310-A5C7D7C36516}"
EndProject
Project("{8CE3B7CB-8A78-21DB-2CC3-7EDD7B65227F}") = "SmashHit", "Assembly-CSharp-vs.csproj", "{0001B68C-9129-6ACD-1C8F-E2CDD8DA5599}"
EndProject
Global
	GlobalSection(SolutionConfigurationPlatforms) = preSolution
		Debug|Any CPU = Debug|Any CPU
		Release|Any CPU = Release|Any CPU
	EndGlobalSection
	GlobalSection(ProjectConfigurationPlatforms) = postSolution
		{71C97394-E43E-0B26-3310-A5C7D7C36516}.Debug|Any CPU.ActiveCfg = Debug|Any CPU
		{71C97394-E43E-0B26-3310-A5C7D7C36516}.Debug|Any CPU.Build.0 = Debug|Any CPU
		{71C97394-E43E-0B26-3310-A5C7D7C36516}.Release|Any CPU.ActiveCfg = Release|Any CPU
		{71C97394-E43E-0B26-3310-A5C7D7C36516}.Release|Any CPU.Build.0 = Release|Any CPU
		{0001B68C-9129-6ACD-1C8F-E2CDD8DA5599}.Debug|Any CPU.ActiveCfg = Debug|Any CPU
		{0001B68C-9129-6ACD-1C8F-E2CDD8DA5599}.Debug|Any CPU.Build.0 = Debug|Any CPU
		{0001B68C-9129-6ACD-1C8F-E2CDD8DA5599}.Release|Any CPU.ActiveCfg = Release|Any CPU
		{0001B68C-9129-6ACD-1C8F-E2CDD8DA5599}.Release|Any CPU.Build.0 = Release|Any CPU
	EndGlobalSection
	GlobalSection(SolutionProperties) = preSolution
		HideSolutionNode = FALSE
	EndGlobalSection
																																																																																																																																																																																																																						GlobalSection(MonoDevelopProperties) = preSolution
		StartupItem = Assembly-CSharp.csproj
		Policies = $0
		$0.TextStylePolicy = $1
		$1.inheritsSet = null
		$1.scope = text/x-csharp
		$0.CSharpFormattingPolicy = $2
		$2.inheritsSet = Mono
		$2.inheritsScope = text/x-csharp
		$2.scope = text/x-csharp
		$0.TextStylePolicy = $3
		$3.FileWidth = 120
		$3.TabWidth = 4
		$3.EolMarker = Unix
		$3.inheritsSet = Mono
		$3.inheritsScope = text/plain
		$3.scope = text/plain
	EndGlobalSection

EndGlobal
